// !$*UTF8*$!
{
	archiveVersion = 1;
	classes = {
	};
	objectVersion = 46;
	objects = {

/* Begin PBXBuildFile section */
		52EBA41620293995006DAD17 /* main.m in Sources */ = {isa = PBXBuildFile; fileRef = 52EBA41520293995006DAD17 /* main.m */; };
		52EBA41920293995006DAD17 /* AppDelegate.m in Sources */ = {isa = PBXBuildFile; fileRef = 52EBA41820293995006DAD17 /* AppDelegate.m */; };
		52EBA41C20293995006DAD17 /* ViewController.m in Sources */ = {isa = PBXBuildFile; fileRef = 52EBA41B20293995006DAD17 /* ViewController.m */; };
		52EBA41F20293995006DAD17 /* Main.storyboard in Resources */ = {isa = PBXBuildFile; fileRef = 52EBA41D20293995006DAD17 /* Main.storyboard */; };
		52EBA42120293995006DAD17 /* Assets.xcassets in Resources */ = {isa = PBXBuildFile; fileRef = 52EBA42020293995006DAD17 /* Assets.xcassets */; };
		52EBA42420293995006DAD17 /* LaunchScreen.storyboard in Resources */ = {isa = PBXBuildFile; fileRef = 52EBA42220293995006DAD17 /* LaunchScreen.storyboard */; };
		52EBA44C20294174006DAD17 /* Model.xcdatamodeld in Sources */ = {isa = PBXBuildFile; fileRef = 52EBA44220294174006DAD17 /* Model.xcdatamodeld */; };
		52EBA44D20294174006DAD17 /* Person+CoreDataClass.m in Sources */ = {isa = PBXBuildFile; fileRef = 52EBA44520294174006DAD17 /* Person+CoreDataClass.m */; };
		52EBA44E20294174006DAD17 /* Person+CoreDataProperties.m in Sources */ = {isa = PBXBuildFile; fileRef = 52EBA44720294174006DAD17 /* Person+CoreDataProperties.m */; };
		52EBA44F20294174006DAD17 /* SACoreDataManager.m in Sources */ = {isa = PBXBuildFile; fileRef = 52EBA44920294174006DAD17 /* SACoreDataManager.m */; };
		52EBA45120294333006DAD17 /* View.xib in Resources */ = {isa = PBXBuildFile; fileRef = 52EBA45020294333006DAD17 /* View.xib */; };
		52EBA4542029466B006DAD17 /* PersonInfoView.m in Sources */ = {isa = PBXBuildFile; fileRef = 52EBA4532029466B006DAD17 /* PersonInfoView.m */; };
		52EBA4572029472E006DAD17 /* ViewModel.m in Sources */ = {isa = PBXBuildFile; fileRef = 52EBA4562029472E006DAD17 /* ViewModel.m */; };
/* End PBXBuildFile section */

/* Begin PBXFileReference section */
		52EBA41120293995006DAD17 /* Test-MVVM.app */ = {isa = PBXFileReference; explicitFileType = wrapper.application; includeInIndex = 0; path = "Test-MVVM.app"; sourceTree = BUILT_PRODUCTS_DIR; };
		52EBA41520293995006DAD17 /* main.m */ = {isa = PBXFileReference; lastKnownFileType = sourcecode.c.objc; path = main.m; sourceTree = "<group>"; };
		52EBA41720293995006DAD17 /* AppDelegate.h */ = {isa = PBXFileReference; lastKnownFileType = sourcecode.c.h; path = AppDelegate.h; sourceTree = "<group>"; };
		52EBA41820293995006DAD17 /* AppDelegate.m */ = {isa = PBXFileReference; lastKnownFileType = sourcecode.c.objc; path = AppDelegate.m; sourceTree = "<group>"; };
		52EBA41A20293995006DAD17 /* ViewController.h */ = {isa = PBXFileReference; lastKnownFileType = sourcecode.c.h; path = ViewController.h; sourceTree = "<group>"; };
		52EBA41B20293995006DAD17 /* ViewController.m */ = {isa = PBXFileReference; lastKnownFileType = sourcecode.c.objc; path = ViewController.m; sourceTree = "<group>"; };
		52EBA41E20293995006DAD17 /* Base */ = {isa = PBXFileReference; lastKnownFileType = file.storyboard; name = Base; path = Base.lproj/Main.storyboard; sourceTree = "<group>"; };
		52EBA42020293995006DAD17 /* Assets.xcassets */ = {isa = PBXFileReference; lastKnownFileType = folder.assetcatalog; path = Assets.xcassets; sourceTree = "<group>"; };
		52EBA42320293995006DAD17 /* Base */ = {isa = PBXFileReference; lastKnownFileType = file.storyboard; name = Base; path = Base.lproj/LaunchScreen.storyboard; sourceTree = "<group>"; };
		52EBA42520293995006DAD17 /* Info.plist */ = {isa = PBXFileReference; lastKnownFileType = text.plist.xml; path = Info.plist; sourceTree = "<group>"; };
		52EBA44320294174006DAD17 /* Model.xcdatamodel */ = {isa = PBXFileReference; lastKnownFileType = wrapper.xcdatamodel; path = Model.xcdatamodel; sourceTree = "<group>"; };
		52EBA44420294174006DAD17 /* Person+CoreDataClass.h */ = {isa = PBXFileReference; fileEncoding = 4; lastKnownFileType = sourcecode.c.h; path = "Person+CoreDataClass.h"; sourceTree = "<group>"; };
		52EBA44520294174006DAD17 /* Person+CoreDataClass.m */ = {isa = PBXFileReference; fileEncoding = 4; lastKnownFileType = sourcecode.c.objc; path = "Person+CoreDataClass.m"; sourceTree = "<group>"; };
		52EBA44620294174006DAD17 /* Person+CoreDataProperties.h */ = {isa = PBXFileReference; fileEncoding = 4; lastKnownFileType = sourcecode.c.h; path = "Person+CoreDataProperties.h"; sourceTree = "<group>"; };
		52EBA44720294174006DAD17 /* Person+CoreDataProperties.m */ = {isa = PBXFileReference; fileEncoding = 4; lastKnownFileType = sourcecode.c.objc; path = "Person+CoreDataProperties.m"; sourceTree = "<group>"; };
		52EBA44820294174006DAD17 /* SACoreDataManager.h */ = {isa = PBXFileReference; fileEncoding = 4; lastKnownFileType = sourcecode.c.h; path = SACoreDataManager.h; sourceTree = "<group>"; };
		52EBA44920294174006DAD17 /* SACoreDataManager.m */ = {isa = PBXFileReference; fileEncoding = 4; lastKnownFileType = sourcecode.c.objc; path = SACoreDataManager.m; sourceTree = "<group>"; };
		52EBA45020294333006DAD17 /* View.xib */ = {isa = PBXFileReference; fileEncoding = 4; lastKnownFileType = file.xib; path = View.xib; sourceTree = "<group>"; };
		52EBA4522029466B006DAD17 /* PersonInfoView.h */ = {isa = PBXFileReference; fileEncoding = 4; lastKnownFileType = sourcecode.c.h; path = PersonInfoView.h; sourceTree = "<group>"; };
		52EBA4532029466B006DAD17 /* PersonInfoView.m */ = {isa = PBXFileReference; fileEncoding = 4; lastKnownFileType = sourcecode.c.objc; path = PersonInfoView.m; sourceTree = "<group>"; };
		52EBA4552029472E006DAD17 /* ViewModel.h */ = {isa = PBXFileReference; fileEncoding = 4; lastKnownFileType = sourcecode.c.h; path = ViewModel.h; sourceTree = "<group>"; };
		52EBA4562029472E006DAD17 /* ViewModel.m */ = {isa = PBXFileReference; fileEncoding = 4; lastKnownFileType = sourcecode.c.objc; path = ViewModel.m; sourceTree = "<group>"; };
/* End PBXFileReference section */

/* Begin PBXFrameworksBuildPhase section */
		52EBA40E20293995006DAD17 /* Frameworks */ = {
			isa = PBXFrameworksBuildPhase;
			buildActionMask = 2147483647;
			files = (
			);
			runOnlyForDeploymentPostprocessing = 0;
		};
/* End PBXFrameworksBuildPhase section */

/* Begin PBXGroup section */
		52EBA40820293995006DAD17 = {
			isa = PBXGroup;
			children = (
				52EBA41320293995006DAD17 /* Test-MVVM */,
				52EBA41220293995006DAD17 /* Products */,
			);
			sourceTree = "<group>";
		};
		52EBA41220293995006DAD17 /* Products */ = {
			isa = PBXGroup;
			children = (
				52EBA41120293995006DAD17 /* Test-MVVM.app */,
			);
			name = Products;
			sourceTree = "<group>";
		};
		52EBA41320293995006DAD17 /* Test-MVVM */ = {
			isa = PBXGroup;
			children = (
				52EBA43220293AC9006DAD17 /* MVVM */,
				52EBA41720293995006DAD17 /* AppDelegate.h */,
				52EBA41820293995006DAD17 /* AppDelegate.m */,
				52EBA41A20293995006DAD17 /* ViewController.h */,
				52EBA41B20293995006DAD17 /* ViewController.m */,
				52EBA41D20293995006DAD17 /* Main.storyboard */,
				52EBA42020293995006DAD17 /* Assets.xcassets */,
				52EBA42220293995006DAD17 /* LaunchScreen.storyboard */,
				52EBA42520293995006DAD17 /* Info.plist */,
				52EBA41420293995006DAD17 /* Supporting Files */,
			);
			path = "Test-MVVM";
			sourceTree = "<group>";
		};
		52EBA41420293995006DAD17 /* Supporting Files */ = {
			isa = PBXGroup;
			children = (
				52EBA41520293995006DAD17 /* main.m */,
			);
			name = "Supporting Files";
			sourceTree = "<group>";
		};
		52EBA43220293AC9006DAD17 /* MVVM */ = {
			isa = PBXGroup;
			children = (
				52EBA44120294174006DAD17 /* Model */,
				52EBA44A20294174006DAD17 /* View */,
				52EBA44B20294174006DAD17 /* ViewModel */,
			);
			path = MVVM;
			sourceTree = "<group>";
		};
		52EBA44120294174006DAD17 /* Model */ = {
			isa = PBXGroup;
			children = (
				52EBA44220294174006DAD17 /* Model.xcdatamodeld */,
				52EBA44420294174006DAD17 /* Person+CoreDataClass.h */,
				52EBA44520294174006DAD17 /* Person+CoreDataClass.m */,
				52EBA44620294174006DAD17 /* Person+CoreDataProperties.h */,
				52EBA44720294174006DAD17 /* Person+CoreDataProperties.m */,
				52EBA44820294174006DAD17 /* SACoreDataManager.h */,
				52EBA44920294174006DAD17 /* SACoreDataManager.m */,
			);
			path = Model;
			sourceTree = "<group>";
		};
		52EBA44A20294174006DAD17 /* View */ = {
			isa = PBXGroup;
			children = (
				52EBA45020294333006DAD17 /* View.xib */,
				52EBA4522029466B006DAD17 /* PersonInfoView.h */,
				52EBA4532029466B006DAD17 /* PersonInfoView.m */,
			);
			path = View;
			sourceTree = "<group>";
		};
		52EBA44B20294174006DAD17 /* ViewModel */ = {
			isa = PBXGroup;
			children = (
				52EBA4552029472E006DAD17 /* ViewModel.h */,
				52EBA4562029472E006DAD17 /* ViewModel.m */,
			);
			path = ViewModel;
			sourceTree = "<group>";
		};
/* End PBXGroup section */

/* Begin PBXNativeTarget section */
		52EBA41020293995006DAD17 /* Test-MVVM */ = {
			isa = PBXNativeTarget;
			buildConfigurationList = 52EBA42820293995006DAD17 /* Build configuration list for PBXNativeTarget "Test-MVVM" */;
			buildPhases = (
				52EBA40D20293995006DAD17 /* Sources */,
				52EBA40E20293995006DAD17 /* Frameworks */,
				52EBA40F20293995006DAD17 /* Resources */,
			);
			buildRules = (
			);
			dependencies = (
			);
			name = "Test-MVVM";
			productName = "Test-MVVM";
			productReference = 52EBA41120293995006DAD17 /* Test-MVVM.app */;
			productType = "com.apple.product-type.application";
		};
/* End PBXNativeTarget section */

/* Begin PBXProject section */
		52EBA40920293995006DAD17 /* Project object */ = {
			isa = PBXProject;
			attributes = {
				LastUpgradeCheck = 0800;
				ORGANIZATIONNAME = "Spring Air Lines";
				TargetAttributes = {
					52EBA41020293995006DAD17 = {
						CreatedOnToolsVersion = 8.0;
						LastSwiftMigration = 0800;
						ProvisioningStyle = Manual;
					};
				};
			};
			buildConfigurationList = 52EBA40C20293995006DAD17 /* Build configuration list for PBXProject "Test-MVVM" */;
			compatibilityVersion = "Xcode 3.2";
			developmentRegion = English;
			hasScannedForEncodings = 0;
			knownRegions = (
				en,
				Base,
			);
			mainGroup = 52EBA40820293995006DAD17;
			productRefGroup = 52EBA41220293995006DAD17 /* Products */;
			projectDirPath = "";
			projectRoot = "";
			targets = (
				52EBA41020293995006DAD17 /* Test-MVVM */,
			);
		};
/* End PBXProject section */

/* Begin PBXResourcesBuildPhase section */
		52EBA40F20293995006DAD17 /* Resources */ = {
			isa = PBXResourcesBuildPhase;
			buildActionMask = 2147483647;
			files = (
				52EBA45120294333006DAD17 /* View.xib in Resources */,
				52EBA42420293995006DAD17 /* LaunchScreen.storyboard in Resources */,
				52EBA42120293995006DAD17 /* Assets.xcassets in Resources */,
				52EBA41F20293995006DAD17 /* Main.storyboard in Resources */,
			);
			runOnlyForDeploymentPostprocessing = 0;
		};
/* End PBXResourcesBuildPhase section */

/* Begin PBXSourcesBuildPhase section */
		52EBA40D20293995006DAD17 /* Sources */ = {
			isa = PBXSourcesBuildPhase;
			buildActionMask = 2147483647;
			files = (
				52EBA41C20293995006DAD17 /* ViewController.m in Sources */,
				52EBA4542029466B006DAD17 /* PersonInfoView.m in Sources */,
				52EBA41920293995006DAD17 /* AppDelegate.m in Sources */,
				52EBA44F20294174006DAD17 /* SACoreDataManager.m in Sources */,
				52EBA41620293995006DAD17 /* main.m in Sources */,
				52EBA44C20294174006DAD17 /* Model.xcdatamodeld in Sources */,
				52EBA4572029472E006DAD17 /* ViewModel.m in Sources */,
				52EBA44E20294174006DAD17 /* Person+CoreDataProperties.m in Sources */,
				52EBA44D20294174006DAD17 /* Person+CoreDataClass.m in Sources */,
			);
			runOnlyForDeploymentPostprocessing = 0;
		};
/* End PBXSourcesBuildPhase section */

/* Begin PBXVariantGroup section */
		52EBA41D20293995006DAD17 /* Main.storyboard */ = {
			isa = PBXVariantGroup;
			children = (
				52EBA41E20293995006DAD17 /* Base */,
			);
			name = Main.storyboard;
			sourceTree = "<group>";
		};
		52EBA42220293995006DAD17 /* LaunchScreen.storyboard */ = {
			isa = PBXVariantGroup;
			children = (
				52EBA42320293995006DAD17 /* Base */,
			);
			name = LaunchScreen.storyboard;
			sourceTree = "<group>";
		};
/* End PBXVariantGroup section */

/* Begin XCBuildConfiguration section */
		52EBA42620293995006DAD17 /* Debug */ = {
			isa = XCBuildConfiguration;
			buildSettings = {
				ALWAYS_SEARCH_USER_PATHS = NO;
				CLANG_ANALYZER_NONNULL = YES;
				CLANG_CXX_LANGUAGE_STANDARD = "gnu++0x";
				CLANG_CXX_LIBRARY = "libc++";
				CLANG_ENABLE_MODULES = YES;
				CLANG_ENABLE_OBJC_ARC = YES;
				CLANG_WARN_BOOL_CONVERSION = YES;
				CLANG_WARN_CONSTANT_CONVERSION = YES;
				CLANG_WARN_DIRECT_OBJC_ISA_USAGE = YES_ERROR;
				CLANG_WARN_DOCUMENTATION_COMMENTS = YES;
				CLANG_WARN_EMPTY_BODY = YES;
				CLANG_WARN_ENUM_CONVERSION = YES;
				CLANG_WARN_INFINITE_RECURSION = YES;
				CLANG_WARN_INT_CONVERSION = YES;
				CLANG_WARN_OBJC_ROOT_CLASS = YES_ERROR;
				CLANG_WARN_SUSPICIOUS_MOVES = YES;
				CLANG_WARN_UNREACHABLE_CODE = YES;
				CLANG_WARN__DUPLICATE_METHOD_MATCH = YES;
				"CODE_SIGN_IDENTITY[sdk=iphoneos*]" = "iPhone Developer";
				COPY_PHASE_STRIP = NO;
				DEBUG_INFORMATION_FORMAT = dwarf;
				ENABLE_STRICT_OBJC_MSGSEND = YES;
				ENABLE_TESTABILITY = YES;
				GCC_C_LANGUAGE_STANDARD = gnu99;
				GCC_DYNAMIC_NO_PIC = NO;
				GCC_NO_COMMON_BLOCKS = YES;
				GCC_OPTIMIZATION_LEVEL = 0;
				GCC_PREPROCESSOR_DEFINITIONS = (
					"DEBUG=1",
					"$(inherited)",
				);
				GCC_WARN_64_TO_32_BIT_CONVERSION = YES;
				GCC_WARN_ABOUT_RETURN_TYPE = YES_ERROR;
				GCC_WARN_UNDECLARED_SELECTOR = YES;
				GCC_WARN_UNINITIALIZED_AUTOS = YES_AGGRESSIVE;
				GCC_WARN_UNUSED_FUNCTION = YES;
				GCC_WARN_UNUSED_VARIABLE = YES;
				IPHONEOS_DEPLOYMENT_TARGET = 10.0;
				MTL_ENABLE_DEBUG_INFO = YES;
				ONLY_ACTIVE_ARCH = YES;
				SDKROOT = iphoneos;
				TARGETED_DEVICE_FAMILY = "1,2";
			};
			name = Debug;
		};
		52EBA42720293995006DAD17 /* Release */ = {
			isa = XCBuildConfiguration;
			buildSettings = {
				ALWAYS_SEARCH_USER_PATHS = NO;
				CLANG_ANALYZER_NONNULL = YES;
				CLANG_CXX_LANGUAGE_STANDARD = "gnu++0x";
				CLANG_CXX_LIBRARY = "libc++";
				CLANG_ENABLE_MODULES = YES;
				CLANG_ENABLE_OBJC_ARC = YES;
				CLANG_WARN_BOOL_CONVERSION = YES;
				CLANG_WARN_CONSTANT_CONVERSION = YES;
				CLANG_WARN_DIRECT_OBJC_ISA_USAGE = YES_ERROR;
				CLANG_WARN_DOCUMENTATION_COMMENTS = YES;
				CLANG_WARN_EMPTY_BODY = YES;
				CLANG_WARN_ENUM_CONVERSION = YES;
				CLANG_WARN_INFINITE_RECURSION = YES;
				CLANG_WARN_INT_CONVERSION = YES;
				CLANG_WARN_OBJC_ROOT_CLASS = YES_ERROR;
				CLANG_WARN_SUSPICIOUS_MOVES = YES;
				CLANG_WARN_UNREACHABLE_CODE = YES;
				CLANG_WARN__DUPLICATE_METHOD_MATCH = YES;
				"CODE_SIGN_IDENTITY[sdk=iphoneos*]" = "iPhone Developer";
				COPY_PHASE_STRIP = NO;
				DEBUG_INFORMATION_FORMAT = "dwarf-with-dsym";
				ENABLE_NS_ASSERTIONS = NO;
				ENABLE_STRICT_OBJC_MSGSEND = YES;
				GCC_C_LANGUAGE_STANDARD = gnu99;
				GCC_NO_COMMON_BLOCKS = YES;
				GCC_WARN_64_TO_32_BIT_CONVERSION = YES;
				GCC_WARN_ABOUT_RETURN_TYPE = YES_ERROR;
				GCC_WARN_UNDECLARED_SELECTOR = YES;
				GCC_WARN_UNINITIALIZED_AUTOS = YES_AGGRESSIVE;
				GCC_WARN_UNUSED_FUNCTION = YES;
				GCC_WARN_UNUSED_VARIABLE = YES;
				IPHONEOS_DEPLOYMENT_TARGET = 10.0;
				MTL_ENABLE_DEBUG_INFO = NO;
				SDKROOT = iphoneos;
				TARGETED_DEVICE_FAMILY = "1,2";
				VALIDATE_PRODUCT = YES;
			};
			name = Release;
		};
		52EBA42920293995006DAD17 /* Debug */ = {
			isa = XCBuildConfiguration;
			buildSettings = {
				ASSETCATALOG_COMPILER_APPICON_NAME = AppIcon;
				CLANG_ENABLE_MODULES = YES;
				DEVELOPMENT_TEAM = "";
				INFOPLIST_FILE = "Test-MVVM/Info.plist";
				LD_RUNPATH_SEARCH_PATHS = "$(inherited) @executable_path/Frameworks";
				PRODUCT_BUNDLE_IDENTIFIER = "com.SpringAirlines.Test-MVVM";
				PRODUCT_NAME = "$(TARGET_NAME)";
				SWIFT_OPTIMIZATION_LEVEL = "-Onone";
				SWIFT_VERSION = 3.0;
			};
			name = Debug;
		};
		52EBA42A20293995006DAD17 /* Release */ = {
			isa = XCBuildConfiguration;
			buildSettings = {
				ASSETCATALOG_COMPILER_APPICON_NAME = AppIcon;
				CLANG_ENABLE_MODULES = YES;
				DEVELOPMENT_TEAM = "";
				INFOPLIST_FILE = "Test-MVVM/Info.plist";
				LD_RUNPATH_SEARCH_PATHS = "$(inherited) @executable_path/Frameworks";
				PRODUCT_BUNDLE_IDENTIFIER = "com.SpringAirlines.Test-MVVM";
				PRODUCT_NAME = "$(TARGET_NAME)";
				SWIFT_VERSION = 3.0;
			};
			name = Release;
		};
/* End XCBuildConfiguration section */

/* Begin XCConfigurationList section */
		52EBA40C20293995006DAD17 /* Build configuration list for PBXProject "Test-MVVM" */ = {
			isa = XCConfigurationList;
			buildConfigurations = (
				52EBA42620293995006DAD17 /* Debug */,
				52EBA42720293995006DAD17 /* Release */,
			);
			defaultConfigurationIsVisible = 0;
			defaultConfigurationName = Release;
		};
		52EBA42820293995006DAD17 /* Build configuration list for PBXNativeTarget "Test-MVVM" */ = {
			isa = XCConfigurationList;
			buildConfigurations = (
				52EBA42920293995006DAD17 /* Debug */,
				52EBA42A20293995006DAD17 /* Release */,
			);
			defaultConfigurationIsVisible = 0;
		};
/* End XCConfigurationList section */

/* Begin XCVersionGroup section */
		52EBA44220294174006DAD17 /* Model.xcdatamodeld */ = {
			isa = XCVersionGroup;
			children = (
				52EBA44320294174006DAD17 /* Model.xcdatamodel */,
			);
			currentVersion = 52EBA44320294174006DAD17 /* Model.xcdatamodel */;
			path = Model.xcdatamodeld;
			sourceTree = "<group>";
			versionGroupType = wrapper.xcdatamodel;
		};
/* End XCVersionGroup section */
	};
	rootObject = 52EBA40920293995006DAD17 /* Project object */;
}
