// !$*UTF8*$!
{
	archiveVersion = 1;
	classes = {
	};
	objectVersion = 46;
	objects = {

/* Begin PBXBuildFile section */
		5253A69620464E0E0092AEC9 /* main.m in Sources */ = {isa = PBXBuildFile; fileRef = 5253A69520464E0E0092AEC9 /* main.m */; };
		5253A69920464E0E0092AEC9 /* AppDelegate.m in Sources */ = {isa = PBXBuildFile; fileRef = 5253A69820464E0E0092AEC9 /* AppDelegate.m */; };
		5253A69C20464E0E0092AEC9 /* ViewController.m in Sources */ = {isa = PBXBuildFile; fileRef = 5253A69B20464E0E0092AEC9 /* ViewController.m */; };
		5253A69F20464E0E0092AEC9 /* Main.storyboard in Resources */ = {isa = PBXBuildFile; fileRef = 5253A69D20464E0E0092AEC9 /* Main.storyboard */; };
		5253A6A120464E0E0092AEC9 /* Assets.xcassets in Resources */ = {isa = PBXBuildFile; fileRef = 5253A6A020464E0E0092AEC9 /* Assets.xcassets */; };
		5253A6A420464E0E0092AEC9 /* LaunchScreen.storyboard in Resources */ = {isa = PBXBuildFile; fileRef = 5253A6A220464E0E0092AEC9 /* LaunchScreen.storyboard */; };
		5253A6AC20464F240092AEC9 /* web.html in Resources */ = {isa = PBXBuildFile; fileRef = 5253A6AB20464F240092AEC9 /* web.html */; };
/* End PBXBuildFile section */

/* Begin PBXFileReference section */
		5253A69120464E0E0092AEC9 /* Test-JavaScriptCore.app */ = {isa = PBXFileReference; explicitFileType = wrapper.application; includeInIndex = 0; path = "Test-JavaScriptCore.app"; sourceTree = BUILT_PRODUCTS_DIR; };
		5253A69520464E0E0092AEC9 /* main.m */ = {isa = PBXFileReference; lastKnownFileType = sourcecode.c.objc; path = main.m; sourceTree = "<group>"; };
		5253A69720464E0E0092AEC9 /* AppDelegate.h */ = {isa = PBXFileReference; lastKnownFileType = sourcecode.c.h; path = AppDelegate.h; sourceTree = "<group>"; };
		5253A69820464E0E0092AEC9 /* AppDelegate.m */ = {isa = PBXFileReference; lastKnownFileType = sourcecode.c.objc; path = AppDelegate.m; sourceTree = "<group>"; };
		5253A69A20464E0E0092AEC9 /* ViewController.h */ = {isa = PBXFileReference; lastKnownFileType = sourcecode.c.h; path = ViewController.h; sourceTree = "<group>"; };
		5253A69B20464E0E0092AEC9 /* ViewController.m */ = {isa = PBXFileReference; lastKnownFileType = sourcecode.c.objc; path = ViewController.m; sourceTree = "<group>"; };
		5253A69E20464E0E0092AEC9 /* Base */ = {isa = PBXFileReference; lastKnownFileType = file.storyboard; name = Base; path = Base.lproj/Main.storyboard; sourceTree = "<group>"; };
		5253A6A020464E0E0092AEC9 /* Assets.xcassets */ = {isa = PBXFileReference; lastKnownFileType = folder.assetcatalog; path = Assets.xcassets; sourceTree = "<group>"; };
		5253A6A320464E0E0092AEC9 /* Base */ = {isa = PBXFileReference; lastKnownFileType = file.storyboard; name = Base; path = Base.lproj/LaunchScreen.storyboard; sourceTree = "<group>"; };
		5253A6A520464E0E0092AEC9 /* Info.plist */ = {isa = PBXFileReference; lastKnownFileType = text.plist.xml; path = Info.plist; sourceTree = "<group>"; };
		5253A6AB20464F240092AEC9 /* web.html */ = {isa = PBXFileReference; fileEncoding = 4; lastKnownFileType = text.html; path = web.html; sourceTree = "<group>"; };
/* End PBXFileReference section */

/* Begin PBXFrameworksBuildPhase section */
		5253A68E20464E0E0092AEC9 /* Frameworks */ = {
			isa = PBXFrameworksBuildPhase;
			buildActionMask = 2147483647;
			files = (
			);
			runOnlyForDeploymentPostprocessing = 0;
		};
/* End PBXFrameworksBuildPhase section */

/* Begin PBXGroup section */
		5253A68820464E0E0092AEC9 = {
			isa = PBXGroup;
			children = (
				5253A69320464E0E0092AEC9 /* Test-JavaScriptCore */,
				5253A69220464E0E0092AEC9 /* Products */,
			);
			sourceTree = "<group>";
		};
		5253A69220464E0E0092AEC9 /* Products */ = {
			isa = PBXGroup;
			children = (
				5253A69120464E0E0092AEC9 /* Test-JavaScriptCore.app */,
			);
			name = Products;
			sourceTree = "<group>";
		};
		5253A69320464E0E0092AEC9 /* Test-JavaScriptCore */ = {
			isa = PBXGroup;
			children = (
				5253A69720464E0E0092AEC9 /* AppDelegate.h */,
				5253A69820464E0E0092AEC9 /* AppDelegate.m */,
				5253A69A20464E0E0092AEC9 /* ViewController.h */,
				5253A69B20464E0E0092AEC9 /* ViewController.m */,
				5253A69D20464E0E0092AEC9 /* Main.storyboard */,
				5253A6A020464E0E0092AEC9 /* Assets.xcassets */,
				5253A6A220464E0E0092AEC9 /* LaunchScreen.storyboard */,
				5253A6A520464E0E0092AEC9 /* Info.plist */,
				5253A6AB20464F240092AEC9 /* web.html */,
				5253A69420464E0E0092AEC9 /* Supporting Files */,
			);
			path = "Test-JavaScriptCore";
			sourceTree = "<group>";
		};
		5253A69420464E0E0092AEC9 /* Supporting Files */ = {
			isa = PBXGroup;
			children = (
				5253A69520464E0E0092AEC9 /* main.m */,
			);
			name = "Supporting Files";
			sourceTree = "<group>";
		};
/* End PBXGroup section */

/* Begin PBXNativeTarget section */
		5253A69020464E0E0092AEC9 /* Test-JavaScriptCore */ = {
			isa = PBXNativeTarget;
			buildConfigurationList = 5253A6A820464E0E0092AEC9 /* Build configuration list for PBXNativeTarget "Test-JavaScriptCore" */;
			buildPhases = (
				5253A68D20464E0E0092AEC9 /* Sources */,
				5253A68E20464E0E0092AEC9 /* Frameworks */,
				5253A68F20464E0E0092AEC9 /* Resources */,
			);
			buildRules = (
			);
			dependencies = (
			);
			name = "Test-JavaScriptCore";
			productName = "Test-JavaScriptCore";
			productReference = 5253A69120464E0E0092AEC9 /* Test-JavaScriptCore.app */;
			productType = "com.apple.product-type.application";
		};
/* End PBXNativeTarget section */

/* Begin PBXProject section */
		5253A68920464E0E0092AEC9 /* Project object */ = {
			isa = PBXProject;
			attributes = {
				LastUpgradeCheck = 0800;
				ORGANIZATIONNAME = "Spring Air Lines";
				TargetAttributes = {
					5253A69020464E0E0092AEC9 = {
						CreatedOnToolsVersion = 8.0;
						ProvisioningStyle = Manual;
					};
				};
			};
			buildConfigurationList = 5253A68C20464E0E0092AEC9 /* Build configuration list for PBXProject "Test-JavaScriptCore" */;
			compatibilityVersion = "Xcode 3.2";
			developmentRegion = English;
			hasScannedForEncodings = 0;
			knownRegions = (
				en,
				Base,
			);
			mainGroup = 5253A68820464E0E0092AEC9;
			productRefGroup = 5253A69220464E0E0092AEC9 /* Products */;
			projectDirPath = "";
			projectRoot = "";
			targets = (
				5253A69020464E0E0092AEC9 /* Test-JavaScriptCore */,
			);
		};
/* End PBXProject section */

/* Begin PBXResourcesBuildPhase section */
		5253A68F20464E0E0092AEC9 /* Resources */ = {
			isa = PBXResourcesBuildPhase;
			buildActionMask = 2147483647;
			files = (
				5253A6A420464E0E0092AEC9 /* LaunchScreen.storyboard in Resources */,
				5253A6AC20464F240092AEC9 /* web.html in Resources */,
				5253A6A120464E0E0092AEC9 /* Assets.xcassets in Resources */,
				5253A69F20464E0E0092AEC9 /* Main.storyboard in Resources */,
			);
			runOnlyForDeploymentPostprocessing = 0;
		};
/* End PBXResourcesBuildPhase section */

/* Begin PBXSourcesBuildPhase section */
		5253A68D20464E0E0092AEC9 /* Sources */ = {
			isa = PBXSourcesBuildPhase;
			buildActionMask = 2147483647;
			files = (
				5253A69C20464E0E0092AEC9 /* ViewController.m in Sources */,
				5253A69920464E0E0092AEC9 /* AppDelegate.m in Sources */,
				5253A69620464E0E0092AEC9 /* main.m in Sources */,
			);
			runOnlyForDeploymentPostprocessing = 0;
		};
/* End PBXSourcesBuildPhase section */

/* Begin PBXVariantGroup section */
		5253A69D20464E0E0092AEC9 /* Main.storyboard */ = {
			isa = PBXVariantGroup;
			children = (
				5253A69E20464E0E0092AEC9 /* Base */,
			);
			name = Main.storyboard;
			sourceTree = "<group>";
		};
		5253A6A220464E0E0092AEC9 /* LaunchScreen.storyboard */ = {
			isa = PBXVariantGroup;
			children = (
				5253A6A320464E0E0092AEC9 /* Base */,
			);
			name = LaunchScreen.storyboard;
			sourceTree = "<group>";
		};
/* End PBXVariantGroup section */

/* Begin XCBuildConfiguration section */
		5253A6A620464E0E0092AEC9 /* Debug */ = {
			isa = XCBuildConfiguration;
			buildSettings = {
				ALWAYS_SEARCH_USER_PATHS = NO;
				CLANG_ANALYZER_NONNULL = YES;
				CLANG_CXX_LANGUAGE_STANDARD = "gnu++0x";
				CLANG_CXX_LIBRARY = "libc++";
				CLANG_ENABLE_MODULES = YES;
				CLANG_ENABLE_OBJC_ARC = YES;
				CLANG_WARN_BOOL_CONVERSION = YES;
				CLANG_WARN_CONSTANT_CONVERSION = YES;
				CLANG_WARN_DIRECT_OBJC_ISA_USAGE = YES_ERROR;
				CLANG_WARN_DOCUMENTATION_COMMENTS = YES;
				CLANG_WARN_EMPTY_BODY = YES;
				CLANG_WARN_ENUM_CONVERSION = YES;
				CLANG_WARN_INFINITE_RECURSION = YES;
				CLANG_WARN_INT_CONVERSION = YES;
				CLANG_WARN_OBJC_ROOT_CLASS = YES_ERROR;
				CLANG_WARN_SUSPICIOUS_MOVES = YES;
				CLANG_WARN_UNREACHABLE_CODE = YES;
				CLANG_WARN__DUPLICATE_METHOD_MATCH = YES;
				"CODE_SIGN_IDENTITY[sdk=iphoneos*]" = "iPhone Developer";
				COPY_PHASE_STRIP = NO;
				DEBUG_INFORMATION_FORMAT = dwarf;
				ENABLE_STRICT_OBJC_MSGSEND = YES;
				ENABLE_TESTABILITY = YES;
				GCC_C_LANGUAGE_STANDARD = gnu99;
				GCC_DYNAMIC_NO_PIC = NO;
				GCC_NO_COMMON_BLOCKS = YES;
				GCC_OPTIMIZATION_LEVEL = 0;
				GCC_PREPROCESSOR_DEFINITIONS = (
					"DEBUG=1",
					"$(inherited)",
				);
				GCC_WARN_64_TO_32_BIT_CONVERSION = YES;
				GCC_WARN_ABOUT_RETURN_TYPE = YES_ERROR;
				GCC_WARN_UNDECLARED_SELECTOR = YES;
				GCC_WARN_UNINITIALIZED_AUTOS = YES_AGGRESSIVE;
				GCC_WARN_UNUSED_FUNCTION = YES;
				GCC_WARN_UNUSED_VARIABLE = YES;
				IPHONEOS_DEPLOYMENT_TARGET = 10.0;
				MTL_ENABLE_DEBUG_INFO = YES;
				ONLY_ACTIVE_ARCH = YES;
				SDKROOT = iphoneos;
				TARGETED_DEVICE_FAMILY = "1,2";
			};
			name = Debug;
		};
		5253A6A720464E0E0092AEC9 /* Release */ = {
			isa = XCBuildConfiguration;
			buildSettings = {
				ALWAYS_SEARCH_USER_PATHS = NO;
				CLANG_ANALYZER_NONNULL = YES;
				CLANG_CXX_LANGUAGE_STANDARD = "gnu++0x";
				CLANG_CXX_LIBRARY = "libc++";
				CLANG_ENABLE_MODULES = YES;
				CLANG_ENABLE_OBJC_ARC = YES;
				CLANG_WARN_BOOL_CONVERSION = YES;
				CLANG_WARN_CONSTANT_CONVERSION = YES;
				CLANG_WARN_DIRECT_OBJC_ISA_USAGE = YES_ERROR;
				CLANG_WARN_DOCUMENTATION_COMMENTS = YES;
				CLANG_WARN_EMPTY_BODY = YES;
				CLANG_WARN_ENUM_CONVERSION = YES;
				CLANG_WARN_INFINITE_RECURSION = YES;
				CLANG_WARN_INT_CONVERSION = YES;
				CLANG_WARN_OBJC_ROOT_CLASS = YES_ERROR;
				CLANG_WARN_SUSPICIOUS_MOVES = YES;
				CLANG_WARN_UNREACHABLE_CODE = YES;
				CLANG_WARN__DUPLICATE_METHOD_MATCH = YES;
				"CODE_SIGN_IDENTITY[sdk=iphoneos*]" = "iPhone Developer";
				COPY_PHASE_STRIP = NO;
				DEBUG_INFORMATION_FORMAT = "dwarf-with-dsym";
				ENABLE_NS_ASSERTIONS = NO;
				ENABLE_STRICT_OBJC_MSGSEND = YES;
				GCC_C_LANGUAGE_STANDARD = gnu99;
				GCC_NO_COMMON_BLOCKS = YES;
				GCC_WARN_64_TO_32_BIT_CONVERSION = YES;
				GCC_WARN_ABOUT_RETURN_TYPE = YES_ERROR;
				GCC_WARN_UNDECLARED_SELECTOR = YES;
				GCC_WARN_UNINITIALIZED_AUTOS = YES_AGGRESSIVE;
				GCC_WARN_UNUSED_FUNCTION = YES;
				GCC_WARN_UNUSED_VARIABLE = YES;
				IPHONEOS_DEPLOYMENT_TARGET = 10.0;
				MTL_ENABLE_DEBUG_INFO = NO;
				SDKROOT = iphoneos;
				TARGETED_DEVICE_FAMILY = "1,2";
				VALIDATE_PRODUCT = YES;
			};
			name = Release;
		};
		5253A6A920464E0E0092AEC9 /* Debug */ = {
			isa = XCBuildConfiguration;
			buildSettings = {
				ASSETCATALOG_COMPILER_APPICON_NAME = AppIcon;
				DEVELOPMENT_TEAM = "";
				INFOPLIST_FILE = "Test-JavaScriptCore/Info.plist";
				LD_RUNPATH_SEARCH_PATHS = "$(inherited) @executable_path/Frameworks";
				PRODUCT_BUNDLE_IDENTIFIER = "com.SpringAirlines.Test-JavaScriptCore";
				PRODUCT_NAME = "$(TARGET_NAME)";
			};
			name = Debug;
		};
		5253A6AA20464E0E0092AEC9 /* Release */ = {
			isa = XCBuildConfiguration;
			buildSettings = {
				ASSETCATALOG_COMPILER_APPICON_NAME = AppIcon;
				DEVELOPMENT_TEAM = "";
				INFOPLIST_FILE = "Test-JavaScriptCore/Info.plist";
				LD_RUNPATH_SEARCH_PATHS = "$(inherited) @executable_path/Frameworks";
				PRODUCT_BUNDLE_IDENTIFIER = "com.SpringAirlines.Test-JavaScriptCore";
				PRODUCT_NAME = "$(TARGET_NAME)";
			};
			name = Release;
		};
/* End XCBuildConfiguration section */

/* Begin XCConfigurationList section */
		5253A68C20464E0E0092AEC9 /* Build configuration list for PBXProject "Test-JavaScriptCore" */ = {
			isa = XCConfigurationList;
			buildConfigurations = (
				5253A6A620464E0E0092AEC9 /* Debug */,
				5253A6A720464E0E0092AEC9 /* Release */,
			);
			defaultConfigurationIsVisible = 0;
			defaultConfigurationName = Release;
		};
		5253A6A820464E0E0092AEC9 /* Build configuration list for PBXNativeTarget "Test-JavaScriptCore" */ = {
			isa = XCConfigurationList;
			buildConfigurations = (
				5253A6A920464E0E0092AEC9 /* Debug */,
				5253A6AA20464E0E0092AEC9 /* Release */,
			);
			defaultConfigurationIsVisible = 0;
		};
/* End XCConfigurationList section */
	};
	rootObject = 5253A68920464E0E0092AEC9 /* Project object */;
}
