// !$*UTF8*$!
{
	archiveVersion = 1;
	classes = {
	};
	objectVersion = 46;
	objects = {

/* Begin PBXBuildFile section */
		3386B3F61EDE509F0020629A /* main.m in Sources */ = {isa = PBXBuildFile; fileRef = 3386B3F51EDE509F0020629A /* main.m */; };
		3386B3F91EDE509F0020629A /* AppDelegate.m in Sources */ = {isa = PBXBuildFile; fileRef = 3386B3F81EDE509F0020629A /* AppDelegate.m */; };
		3386B3FC1EDE509F0020629A /* ViewController.m in Sources */ = {isa = PBXBuildFile; fileRef = 3386B3FB1EDE509F0020629A /* ViewController.m */; };
		3386B3FF1EDE509F0020629A /* Main.storyboard in Resources */ = {isa = PBXBuildFile; fileRef = 3386B3FD1EDE509F0020629A /* Main.storyboard */; };
		3386B4011EDE509F0020629A /* Assets.xcassets in Resources */ = {isa = PBXBuildFile; fileRef = 3386B4001EDE509F0020629A /* Assets.xcassets */; };
		3386B4041EDE509F0020629A /* LaunchScreen.storyboard in Resources */ = {isa = PBXBuildFile; fileRef = 3386B4021EDE509F0020629A /* LaunchScreen.storyboard */; };
/* End PBXBuildFile section */

/* Begin PBXFileReference section */
		3386B3F11EDE509F0020629A /* Test-CoreData.app */ = {isa = PBXFileReference; explicitFileType = wrapper.application; includeInIndex = 0; path = "Test-CoreData.app"; sourceTree = BUILT_PRODUCTS_DIR; };
		3386B3F51EDE509F0020629A /* main.m */ = {isa = PBXFileReference; lastKnownFileType = sourcecode.c.objc; path = main.m; sourceTree = "<group>"; };
		3386B3F71EDE509F0020629A /* AppDelegate.h */ = {isa = PBXFileReference; lastKnownFileType = sourcecode.c.h; path = AppDelegate.h; sourceTree = "<group>"; };
		3386B3F81EDE509F0020629A /* AppDelegate.m */ = {isa = PBXFileReference; lastKnownFileType = sourcecode.c.objc; path = AppDelegate.m; sourceTree = "<group>"; };
		3386B3FA1EDE509F0020629A /* ViewController.h */ = {isa = PBXFileReference; lastKnownFileType = sourcecode.c.h; path = ViewController.h; sourceTree = "<group>"; };
		3386B3FB1EDE509F0020629A /* ViewController.m */ = {isa = PBXFileReference; lastKnownFileType = sourcecode.c.objc; path = ViewController.m; sourceTree = "<group>"; };
		3386B3FE1EDE509F0020629A /* Base */ = {isa = PBXFileReference; lastKnownFileType = file.storyboard; name = Base; path = Base.lproj/Main.storyboard; sourceTree = "<group>"; };
		3386B4001EDE509F0020629A /* Assets.xcassets */ = {isa = PBXFileReference; lastKnownFileType = folder.assetcatalog; path = Assets.xcassets; sourceTree = "<group>"; };
		3386B4031EDE509F0020629A /* Base */ = {isa = PBXFileReference; lastKnownFileType = file.storyboard; name = Base; path = Base.lproj/LaunchScreen.storyboard; sourceTree = "<group>"; };
		3386B4051EDE509F0020629A /* Info.plist */ = {isa = PBXFileReference; lastKnownFileType = text.plist.xml; path = Info.plist; sourceTree = "<group>"; };
/* End PBXFileReference section */

/* Begin PBXFrameworksBuildPhase section */
		3386B3EE1EDE509F0020629A /* Frameworks */ = {
			isa = PBXFrameworksBuildPhase;
			buildActionMask = 2147483647;
			files = (
			);
			runOnlyForDeploymentPostprocessing = 0;
		};
/* End PBXFrameworksBuildPhase section */

/* Begin PBXGroup section */
		3386B3E81EDE509F0020629A = {
			isa = PBXGroup;
			children = (
				3386B3F31EDE509F0020629A /* Test-CoreData */,
				3386B3F21EDE509F0020629A /* Products */,
			);
			sourceTree = "<group>";
		};
		3386B3F21EDE509F0020629A /* Products */ = {
			isa = PBXGroup;
			children = (
				3386B3F11EDE509F0020629A /* Test-CoreData.app */,
			);
			name = Products;
			sourceTree = "<group>";
		};
		3386B3F31EDE509F0020629A /* Test-CoreData */ = {
			isa = PBXGroup;
			children = (
				3386B3F71EDE509F0020629A /* AppDelegate.h */,
				3386B3F81EDE509F0020629A /* AppDelegate.m */,
				3386B3FA1EDE509F0020629A /* ViewController.h */,
				3386B3FB1EDE509F0020629A /* ViewController.m */,
				3386B3FD1EDE509F0020629A /* Main.storyboard */,
				3386B4001EDE509F0020629A /* Assets.xcassets */,
				3386B4021EDE509F0020629A /* LaunchScreen.storyboard */,
				3386B4051EDE509F0020629A /* Info.plist */,
				3386B3F41EDE509F0020629A /* Supporting Files */,
			);
			path = "Test-CoreData";
			sourceTree = "<group>";
		};
		3386B3F41EDE509F0020629A /* Supporting Files */ = {
			isa = PBXGroup;
			children = (
				3386B3F51EDE509F0020629A /* main.m */,
			);
			name = "Supporting Files";
			sourceTree = "<group>";
		};
/* End PBXGroup section */

/* Begin PBXNativeTarget section */
		3386B3F01EDE509F0020629A /* Test-CoreData */ = {
			isa = PBXNativeTarget;
			buildConfigurationList = 3386B4081EDE509F0020629A /* Build configuration list for PBXNativeTarget "Test-CoreData" */;
			buildPhases = (
				3386B3ED1EDE509F0020629A /* Sources */,
				3386B3EE1EDE509F0020629A /* Frameworks */,
				3386B3EF1EDE509F0020629A /* Resources */,
			);
			buildRules = (
			);
			dependencies = (
			);
			name = "Test-CoreData";
			productName = "Test-CoreData";
			productReference = 3386B3F11EDE509F0020629A /* Test-CoreData.app */;
			productType = "com.apple.product-type.application";
		};
/* End PBXNativeTarget section */

/* Begin PBXProject section */
		3386B3E91EDE509F0020629A /* Project object */ = {
			isa = PBXProject;
			attributes = {
				LastUpgradeCheck = 0810;
				ORGANIZATIONNAME = han;
				TargetAttributes = {
					3386B3F01EDE509F0020629A = {
						CreatedOnToolsVersion = 8.1;
						DevelopmentTeam = 7NNQ74D6ZA;
						ProvisioningStyle = Automatic;
					};
				};
			};
			buildConfigurationList = 3386B3EC1EDE509F0020629A /* Build configuration list for PBXProject "Test-CoreData" */;
			compatibilityVersion = "Xcode 3.2";
			developmentRegion = English;
			hasScannedForEncodings = 0;
			knownRegions = (
				en,
				Base,
			);
			mainGroup = 3386B3E81EDE509F0020629A;
			productRefGroup = 3386B3F21EDE509F0020629A /* Products */;
			projectDirPath = "";
			projectRoot = "";
			targets = (
				3386B3F01EDE509F0020629A /* Test-CoreData */,
			);
		};
/* End PBXProject section */

/* Begin PBXResourcesBuildPhase section */
		3386B3EF1EDE509F0020629A /* Resources */ = {
			isa = PBXResourcesBuildPhase;
			buildActionMask = 2147483647;
			files = (
				3386B4041EDE509F0020629A /* LaunchScreen.storyboard in Resources */,
				3386B4011EDE509F0020629A /* Assets.xcassets in Resources */,
				3386B3FF1EDE509F0020629A /* Main.storyboard in Resources */,
			);
			runOnlyForDeploymentPostprocessing = 0;
		};
/* End PBXResourcesBuildPhase section */

/* Begin PBXSourcesBuildPhase section */
		3386B3ED1EDE509F0020629A /* Sources */ = {
			isa = PBXSourcesBuildPhase;
			buildActionMask = 2147483647;
			files = (
				3386B3FC1EDE509F0020629A /* ViewController.m in Sources */,
				3386B3F91EDE509F0020629A /* AppDelegate.m in Sources */,
				3386B3F61EDE509F0020629A /* main.m in Sources */,
			);
			runOnlyForDeploymentPostprocessing = 0;
		};
/* End PBXSourcesBuildPhase section */

/* Begin PBXVariantGroup section */
		3386B3FD1EDE509F0020629A /* Main.storyboard */ = {
			isa = PBXVariantGroup;
			children = (
				3386B3FE1EDE509F0020629A /* Base */,
			);
			name = Main.storyboard;
			sourceTree = "<group>";
		};
		3386B4021EDE509F0020629A /* LaunchScreen.storyboard */ = {
			isa = PBXVariantGroup;
			children = (
				3386B4031EDE509F0020629A /* Base */,
			);
			name = LaunchScreen.storyboard;
			sourceTree = "<group>";
		};
/* End PBXVariantGroup section */

/* Begin XCBuildConfiguration section */
		3386B4061EDE509F0020629A /* Debug */ = {
			isa = XCBuildConfiguration;
			buildSettings = {
				ALWAYS_SEARCH_USER_PATHS = NO;
				CLANG_ANALYZER_NONNULL = YES;
				CLANG_CXX_LANGUAGE_STANDARD = "gnu++0x";
				CLANG_CXX_LIBRARY = "libc++";
				CLANG_ENABLE_MODULES = YES;
				CLANG_ENABLE_OBJC_ARC = YES;
				CLANG_WARN_BOOL_CONVERSION = YES;
				CLANG_WARN_CONSTANT_CONVERSION = YES;
				CLANG_WARN_DIRECT_OBJC_ISA_USAGE = YES_ERROR;
				CLANG_WARN_DOCUMENTATION_COMMENTS = YES;
				CLANG_WARN_EMPTY_BODY = YES;
				CLANG_WARN_ENUM_CONVERSION = YES;
				CLANG_WARN_INFINITE_RECURSION = YES;
				CLANG_WARN_INT_CONVERSION = YES;
				CLANG_WARN_OBJC_ROOT_CLASS = YES_ERROR;
				CLANG_WARN_SUSPICIOUS_MOVES = YES;
				CLANG_WARN_UNREACHABLE_CODE = YES;
				CLANG_WARN__DUPLICATE_METHOD_MATCH = YES;
				"CODE_SIGN_IDENTITY[sdk=iphoneos*]" = "iPhone Developer";
				COPY_PHASE_STRIP = NO;
				DEBUG_INFORMATION_FORMAT = dwarf;
				ENABLE_STRICT_OBJC_MSGSEND = YES;
				ENABLE_TESTABILITY = YES;
				GCC_C_LANGUAGE_STANDARD = gnu99;
				GCC_DYNAMIC_NO_PIC = NO;
				GCC_NO_COMMON_BLOCKS = YES;
				GCC_OPTIMIZATION_LEVEL = 0;
				GCC_PREPROCESSOR_DEFINITIONS = (
					"DEBUG=1",
					"$(inherited)",
				);
				GCC_WARN_64_TO_32_BIT_CONVERSION = YES;
				GCC_WARN_ABOUT_RETURN_TYPE = YES_ERROR;
				GCC_WARN_UNDECLARED_SELECTOR = YES;
				GCC_WARN_UNINITIALIZED_AUTOS = YES_AGGRESSIVE;
				GCC_WARN_UNUSED_FUNCTION = YES;
				GCC_WARN_UNUSED_VARIABLE = YES;
				IPHONEOS_DEPLOYMENT_TARGET = 10.1;
				MTL_ENABLE_DEBUG_INFO = YES;
				ONLY_ACTIVE_ARCH = YES;
				SDKROOT = iphoneos;
				TARGETED_DEVICE_FAMILY = "1,2";
			};
			name = Debug;
		};
		3386B4071EDE509F0020629A /* Release */ = {
			isa = XCBuildConfiguration;
			buildSettings = {
				ALWAYS_SEARCH_USER_PATHS = NO;
				CLANG_ANALYZER_NONNULL = YES;
				CLANG_CXX_LANGUAGE_STANDARD = "gnu++0x";
				CLANG_CXX_LIBRARY = "libc++";
				CLANG_ENABLE_MODULES = YES;
				CLANG_ENABLE_OBJC_ARC = YES;
				CLANG_WARN_BOOL_CONVERSION = YES;
				CLANG_WARN_CONSTANT_CONVERSION = YES;
				CLANG_WARN_DIRECT_OBJC_ISA_USAGE = YES_ERROR;
				CLANG_WARN_DOCUMENTATION_COMMENTS = YES;
				CLANG_WARN_EMPTY_BODY = YES;
				CLANG_WARN_ENUM_CONVERSION = YES;
				CLANG_WARN_INFINITE_RECURSION = YES;
				CLANG_WARN_INT_CONVERSION = YES;
				CLANG_WARN_OBJC_ROOT_CLASS = YES_ERROR;
				CLANG_WARN_SUSPICIOUS_MOVES = YES;
				CLANG_WARN_UNREACHABLE_CODE = YES;
				CLANG_WARN__DUPLICATE_METHOD_MATCH = YES;
				"CODE_SIGN_IDENTITY[sdk=iphoneos*]" = "iPhone Developer";
				COPY_PHASE_STRIP = NO;
				DEBUG_INFORMATION_FORMAT = "dwarf-with-dsym";
				ENABLE_NS_ASSERTIONS = NO;
				ENABLE_STRICT_OBJC_MSGSEND = YES;
				GCC_C_LANGUAGE_STANDARD = gnu99;
				GCC_NO_COMMON_BLOCKS = YES;
				GCC_WARN_64_TO_32_BIT_CONVERSION = YES;
				GCC_WARN_ABOUT_RETURN_TYPE = YES_ERROR;
				GCC_WARN_UNDECLARED_SELECTOR = YES;
				GCC_WARN_UNINITIALIZED_AUTOS = YES_AGGRESSIVE;
				GCC_WARN_UNUSED_FUNCTION = YES;
				GCC_WARN_UNUSED_VARIABLE = YES;
				IPHONEOS_DEPLOYMENT_TARGET = 10.1;
				MTL_ENABLE_DEBUG_INFO = NO;
				SDKROOT = iphoneos;
				TARGETED_DEVICE_FAMILY = "1,2";
				VALIDATE_PRODUCT = YES;
			};
			name = Release;
		};
		3386B4091EDE509F0020629A /* Debug */ = {
			isa = XCBuildConfiguration;
			buildSettings = {
				ASSETCATALOG_COMPILER_APPICON_NAME = AppIcon;
				DEVELOPMENT_TEAM = 7NNQ74D6ZA;
				INFOPLIST_FILE = "Test-CoreData/Info.plist";
				LD_RUNPATH_SEARCH_PATHS = "$(inherited) @executable_path/Frameworks";
				PRODUCT_BUNDLE_IDENTIFIER = "test.Test-CoreData";
				PRODUCT_NAME = "$(TARGET_NAME)";
			};
			name = Debug;
		};
		3386B40A1EDE509F0020629A /* Release */ = {
			isa = XCBuildConfiguration;
			buildSettings = {
				ASSETCATALOG_COMPILER_APPICON_NAME = AppIcon;
				DEVELOPMENT_TEAM = 7NNQ74D6ZA;
				INFOPLIST_FILE = "Test-CoreData/Info.plist";
				LD_RUNPATH_SEARCH_PATHS = "$(inherited) @executable_path/Frameworks";
				PRODUCT_BUNDLE_IDENTIFIER = "test.Test-CoreData";
				PRODUCT_NAME = "$(TARGET_NAME)";
			};
			name = Release;
		};
/* End XCBuildConfiguration section */

/* Begin XCConfigurationList section */
		3386B3EC1EDE509F0020629A /* Build configuration list for PBXProject "Test-CoreData" */ = {
			isa = XCConfigurationList;
			buildConfigurations = (
				3386B4061EDE509F0020629A /* Debug */,
				3386B4071EDE509F0020629A /* Release */,
			);
			defaultConfigurationIsVisible = 0;
			defaultConfigurationName = Release;
		};
		3386B4081EDE509F0020629A /* Build configuration list for PBXNativeTarget "Test-CoreData" */ = {
			isa = XCConfigurationList;
			buildConfigurations = (
				3386B4091EDE509F0020629A /* Debug */,
				3386B40A1EDE509F0020629A /* Release */,
			);
			defaultConfigurationIsVisible = 0;
		};
/* End XCConfigurationList section */
	};
	rootObject = 3386B3E91EDE509F0020629A /* Project object */;
}
